# THIS IS AN AUTOGENERATED FILE. DO NOT EDIT THIS FILE DIRECTLY.
# yarn lockfile v1


filepond@^4.13.0:
  version "4.13.0"
  resolved "https://registry.yarnpkg.com/filepond/-/filepond-4.13.0.tgz#d97938cd9f456b1e96d8c85979308c07cf47ac49"
  integrity sha512-M9bNneR2EBrhXqNMHZLDRZVRSPJ5fUa8hjKyfMuJ8dV61qW1oPsFWZY2Ubx7WmVKZXnBLJCef2WNGh6CaIoTew==

react-filepond@^7.0.1:
  version "7.0.1"
  resolved "https://registry.yarnpkg.com/react-filepond/-/react-filepond-7.0.1.tgz#caf96526287140884a31a1476b8328d9d6ecdee2"
  integrity sha512-PitNM44JP0K5hXnkSYV3HRlkObsWbhqaJRWizMrdHpS3pPz9/iyiOGmRpc+4T4ST3vblmiUTLRYq/+1bDcSqQw==
